
Microsoft Visual Studio Solution File, Format Version 12.00
# Visual Studio 15
VisualStudioVersion = 15.0.27428.2011
MinimumVisualStudioVersion = 10.0.40219.1
Project("{FAE04EC0-301F-11D3-BF4B-00C04F79EFBC}") = "ConsignmentShopUI", "ConsignmentShopUI\ConsignmentShopUI.csproj", "{878C1157-B11E-4186-81E9-3CD8398598EE}"
EndProject
Global
	GlobalSection(SolutionConfigurationPlatforms) = preSolution
		Debug|Any CPU = Debug|Any CPU
		Release|Any CPU = Release|Any CPU
	EndGlobalSection
	GlobalSection(ProjectConfigurationPlatforms) = postSolution
		{878C1157-B11E-4186-81E9-3CD8398598EE}.Debug|Any CPU.ActiveCfg = Debug|Any CPU
		{878C1157-B11E-4186-81E9-3CD8398598EE}.Debug|Any CPU.Build.0 = Debug|Any CPU
		{878C1157-B11E-4186-81E9-3CD8398598EE}.Release|Any CPU.ActiveCfg = Release|Any CPU
		{878C1157-B11E-4186-81E9-3CD8398598EE}.Release|Any CPU.Build.0 = Release|Any CPU
	EndGlobalSection
	GlobalSection(SolutionProperties) = preSolution
		HideSolutionNode = FALSE
	EndGlobalSection
	GlobalSection(ExtensibilityGlobals) = postSolution
		SolutionGuid = {D9979C8A-4B96-420D-AC3A-99B1C2A052C6}
	EndGlobalSection
EndGlobal
